
Microsoft Visual Studio Solution File, Format Version 12.00
# Visual Studio Version 17
VisualStudioVersion = 17.4.33205.214
MinimumVisualStudioVersion = 10.0.40219.1
Project("{FAE04EC0-301F-11D3-BF4B-00C04F79EFBC}") = "Day01", "Day01\Day01.csproj", "{1FDB3F67-3EDD-41FF-9909-DAEDFCBF40E6}"
EndProject
Global
	GlobalSection(SolutionConfigurationPlatforms) = preSolution
		Debug|Any CPU = Debug|Any CPU
		Release|Any CPU = Release|Any CPU
	EndGlobalSection
	GlobalSection(ProjectConfigurationPlatforms) = postSolution
		{1FDB3F67-3EDD-41FF-9909-DAEDFCBF40E6}.Debug|Any CPU.ActiveCfg = Debug|Any CPU
		{1FDB3F67-3EDD-41FF-9909-DAEDFCBF40E6}.Debug|Any CPU.Build.0 = Debug|Any CPU
		{1FDB3F67-3EDD-41FF-9909-DAEDFCBF40E6}.Release|Any CPU.ActiveCfg = Release|Any CPU
		{1FDB3F67-3EDD-41FF-9909-DAEDFCBF40E6}.Release|Any CPU.Build.0 = Release|Any CPU
	EndGlobalSection
	GlobalSection(SolutionProperties) = preSolution
		HideSolutionNode = FALSE
	EndGlobalSection
	GlobalSection(ExtensibilityGlobals) = postSolution
		SolutionGuid = {E5E037AE-0F66-4B47-B582-1250A0391C2F}
	EndGlobalSection
EndGlobal
