
Microsoft Visual Studio Solution File, Format Version 12.00
# Visual Studio Version 17
VisualStudioVersion = 17.5.33516.290
MinimumVisualStudioVersion = 10.0.40219.1
Project("{FAE04EC0-301F-11D3-BF4B-00C04F79EFBC}") = "API", "API.csproj", "{A70821FF-DBFD-4F48-B27A-8BB3BCD9253A}"
EndProject
Project("{FAE04EC0-301F-11D3-BF4B-00C04F79EFBC}") = "BL", "..\BL\BL.csproj", "{AFA4CEC3-3F50-4ADA-B603-35751D4FE228}"
EndProject
Project("{FAE04EC0-301F-11D3-BF4B-00C04F79EFBC}") = "DAL", "..\DAL\DAL.csproj", "{B5EE5E9A-7E8A-4B4C-AF18-D67045A46607}"
EndProject
Global
	GlobalSection(SolutionConfigurationPlatforms) = preSolution
		Debug|Any CPU = Debug|Any CPU
		Release|Any CPU = Release|Any CPU
	EndGlobalSection
	GlobalSection(ProjectConfigurationPlatforms) = postSolution
		{A70821FF-DBFD-4F48-B27A-8BB3BCD9253A}.Debug|Any CPU.ActiveCfg = Debug|Any CPU
		{A70821FF-DBFD-4F48-B27A-8BB3BCD9253A}.Debug|Any CPU.Build.0 = Debug|Any CPU
		{A70821FF-DBFD-4F48-B27A-8BB3BCD9253A}.Release|Any CPU.ActiveCfg = Release|Any CPU
		{A70821FF-DBFD-4F48-B27A-8BB3BCD9253A}.Release|Any CPU.Build.0 = Release|Any CPU
		{AFA4CEC3-3F50-4ADA-B603-35751D4FE228}.Debug|Any CPU.ActiveCfg = Debug|Any CPU
		{AFA4CEC3-3F50-4ADA-B603-35751D4FE228}.Debug|Any CPU.Build.0 = Debug|Any CPU
		{AFA4CEC3-3F50-4ADA-B603-35751D4FE228}.Release|Any CPU.ActiveCfg = Release|Any CPU
		{AFA4CEC3-3F50-4ADA-B603-35751D4FE228}.Release|Any CPU.Build.0 = Release|Any CPU
		{B5EE5E9A-7E8A-4B4C-AF18-D67045A46607}.Debug|Any CPU.ActiveCfg = Debug|Any CPU
		{B5EE5E9A-7E8A-4B4C-AF18-D67045A46607}.Debug|Any CPU.Build.0 = Debug|Any CPU
		{B5EE5E9A-7E8A-4B4C-AF18-D67045A46607}.Release|Any CPU.ActiveCfg = Release|Any CPU
		{B5EE5E9A-7E8A-4B4C-AF18-D67045A46607}.Release|Any CPU.Build.0 = Release|Any CPU
	EndGlobalSection
	GlobalSection(SolutionProperties) = preSolution
		HideSolutionNode = FALSE
	EndGlobalSection
	GlobalSection(ExtensibilityGlobals) = postSolution
		SolutionGuid = {D7C21530-BD09-4DD6-9EB7-9D65A041C3F6}
	EndGlobalSection
EndGlobal
