
Microsoft Visual Studio Solution File, Format Version 12.00
# Visual Studio Version 17
VisualStudioVersion = 17.5.33516.290
MinimumVisualStudioVersion = 10.0.40219.1
Project("{FAE04EC0-301F-11D3-BF4B-00C04F79EFBC}") = "Day06_ExternalLogins", "Day06_ExternalLogins.csproj", "{CE15AAFD-7363-4DC8-8C51-4B2E8535264E}"
EndProject
Global
	GlobalSection(SolutionConfigurationPlatforms) = preSolution
		Debug|Any CPU = Debug|Any CPU
		Release|Any CPU = Release|Any CPU
	EndGlobalSection
	GlobalSection(ProjectConfigurationPlatforms) = postSolution
		{CE15AAFD-7363-4DC8-8C51-4B2E8535264E}.Debug|Any CPU.ActiveCfg = Debug|Any CPU
		{CE15AAFD-7363-4DC8-8C51-4B2E8535264E}.Debug|Any CPU.Build.0 = Debug|Any CPU
		{CE15AAFD-7363-4DC8-8C51-4B2E8535264E}.Release|Any CPU.ActiveCfg = Release|Any CPU
		{CE15AAFD-7363-4DC8-8C51-4B2E8535264E}.Release|Any CPU.Build.0 = Release|Any CPU
	EndGlobalSection
	GlobalSection(SolutionProperties) = preSolution
		HideSolutionNode = FALSE
	EndGlobalSection
	GlobalSection(ExtensibilityGlobals) = postSolution
		SolutionGuid = {74145477-96FA-4E8A-B59F-47171590CE9A}
	EndGlobalSection
EndGlobal
